
Microsoft Visual Studio Solution File, Format Version 12.00
# Visual Studio 14
VisualStudioVersion = 14.0.25420.1
MinimumVisualStudioVersion = 10.0.40219.1
Project("{FAE04EC0-301F-11D3-BF4B-00C04F79EFBC}") = "RHN_Website", "RHN_Website\RHN_Website.csproj", "{3878470F-5ABC-4E08-A38E-A8B5C428F5E2}"
EndProject
Global
	GlobalSection(SolutionConfigurationPlatforms) = preSolution
		Debug|Any CPU = Debug|Any CPU
		Release|Any CPU = Release|Any CPU
	EndGlobalSection
	GlobalSection(ProjectConfigurationPlatforms) = postSolution
		{3878470F-5ABC-4E08-A38E-A8B5C428F5E2}.Debug|Any CPU.ActiveCfg = Debug|Any CPU
		{3878470F-5ABC-4E08-A38E-A8B5C428F5E2}.Debug|Any CPU.Build.0 = Debug|Any CPU
		{3878470F-5ABC-4E08-A38E-A8B5C428F5E2}.Release|Any CPU.ActiveCfg = Release|Any CPU
		{3878470F-5ABC-4E08-A38E-A8B5C428F5E2}.Release|Any CPU.Build.0 = Release|Any CPU
	EndGlobalSection
	GlobalSection(SolutionProperties) = preSolution
		HideSolutionNode = FALSE
	EndGlobalSection
EndGlobal
